<?xml version="1.0" encoding="utf-8"?>
<Project ToolsVersion="4.0" xmlns="http://schemas.microsoft.com/developer/msbuild/2003">
  <ItemGroup>
    <Filter Include="Source Files">
      <UniqueIdentifier>{4FC737F1-C7A5-4376-A066-2A32D752A2FF}</UniqueIdentifier>
      <Extensions>cpp;c;cc;cxx;def;odl;idl;hpj;bat;asm;asmx</Extensions>
    </Filter>
    <Filter Include="Header Files">
      <UniqueIdentifier>{93995380-89BD-4b04-88EB-625FBE52EBFB}</UniqueIdentifier>
      <Extensions>h;hh;hpp;hxx;hm;inl;inc;ipp;xsd</Extensions>
    </Filter>
    <Filter Include="Resource Files">
      <UniqueIdentifier>{67DA6AB6-F800-4c08-8B7A-83BB121AAD01}</UniqueIdentifier>
      <Extensions>rc;ico;cur;bmp;dlg;rc2;rct;bin;rgs;gif;jpg;jpeg;jpe;resx;tiff;tif;png;wav;mfcribbon-ms</Extensions>
    </Filter>
    <Filter Include="Source Files\unity">
      <UniqueIdentifier>{f55347c4-8bd4-49a0-a66f-856fbf9e8093}</UniqueIdentifier>
    </Filter>
    <Filter Include="Source Files\cobs">
      <UniqueIdentifier>{6ec42b57-5e0b-4332-b41f-2fb5f786c218}</UniqueIdentifier>
    </Filter>
  </ItemGroup>
  <ItemGroup>
    <ClCompile Include="unity\unity.c">
      <Filter>Source Files\unity</Filter>
    </ClCompile>
    <ClCompile Include="main.c">
      <Filter>Source Files</Filter>
    </ClCompile>
    <ClCompile Include="cobs\cobs.c">
      <Filter>Source Files\cobs</Filter>
    </ClCompile>
  </ItemGroup>
  <ItemGroup>
    <ClInclude Include="unity\unity.h">
      <Filter>Source Files\unity</Filter>
    </ClInclude>
    <ClInclude Include="unity\unity_internals.h">
      <Filter>Source Files\unity</Filter>
    </ClInclude>
    <ClInclude Include="cobs\cobs.h">
      <Filter>Source Files\cobs</Filter>
    </ClInclude>
  </ItemGroup>
</Project>